
Microsoft Visual Studio Solution File, Format Version 12.00
# Visual Studio Version 17
VisualStudioVersion = 17.3.32819.101
MinimumVisualStudioVersion = 10.0.40219.1
Project("{FAE04EC0-301F-11D3-BF4B-00C04F79EFBC}") = "AMOGUS", "AMOGUS\AMOGUS.csproj", "{80AF5445-86DA-401D-B738-FDD9F0325CA7}"
EndProject
Global
	GlobalSection(SolutionConfigurationPlatforms) = preSolution
		Debug|Any CPU = Debug|Any CPU
		Release|Any CPU = Release|Any CPU
	EndGlobalSection
	GlobalSection(ProjectConfigurationPlatforms) = postSolution
		{80AF5445-86DA-401D-B738-FDD9F0325CA7}.Debug|Any CPU.ActiveCfg = Debug|Any CPU
		{80AF5445-86DA-401D-B738-FDD9F0325CA7}.Debug|Any CPU.Build.0 = Debug|Any CPU
		{80AF5445-86DA-401D-B738-FDD9F0325CA7}.Release|Any CPU.ActiveCfg = Release|Any CPU
		{80AF5445-86DA-401D-B738-FDD9F0325CA7}.Release|Any CPU.Build.0 = Release|Any CPU
	EndGlobalSection
	GlobalSection(SolutionProperties) = preSolution
		HideSolutionNode = FALSE
	EndGlobalSection
	GlobalSection(ExtensibilityGlobals) = postSolution
		SolutionGuid = {ED537B9C-E20E-43A7-88F1-7C861A61D482}
	EndGlobalSection
EndGlobal
