
Microsoft Visual Studio Solution File, Format Version 12.00
# Visual Studio Version 17
VisualStudioVersion = 17.3.32819.101
MinimumVisualStudioVersion = 10.0.40219.1
Project("{FAE04EC0-301F-11D3-BF4B-00C04F79EFBC}") = "AMOGUS", "AMOGUS\AMOGUS.csproj", "{C90DF7C0-2B62-4959-BA54-BBBFBAD3D167}"
EndProject
Global
	GlobalSection(SolutionConfigurationPlatforms) = preSolution
		Debug|Any CPU = Debug|Any CPU
		Release|Any CPU = Release|Any CPU
	EndGlobalSection
	GlobalSection(ProjectConfigurationPlatforms) = postSolution
		{C90DF7C0-2B62-4959-BA54-BBBFBAD3D167}.Debug|Any CPU.ActiveCfg = Debug|Any CPU
		{C90DF7C0-2B62-4959-BA54-BBBFBAD3D167}.Debug|Any CPU.Build.0 = Debug|Any CPU
		{C90DF7C0-2B62-4959-BA54-BBBFBAD3D167}.Release|Any CPU.ActiveCfg = Release|Any CPU
		{C90DF7C0-2B62-4959-BA54-BBBFBAD3D167}.Release|Any CPU.Build.0 = Release|Any CPU
	EndGlobalSection
	GlobalSection(SolutionProperties) = preSolution
		HideSolutionNode = FALSE
	EndGlobalSection
	GlobalSection(ExtensibilityGlobals) = postSolution
		SolutionGuid = {A2DA6FA6-0CCA-4587-B3E5-97DCC5C79EE3}
	EndGlobalSection
EndGlobal
